
Microsoft Visual Studio Solution File, Format Version 12.00
# Visual Studio 15
VisualStudioVersion = 15.0.28307.168
MinimumVisualStudioVersion = 10.0.40219.1
Project("{FAE04EC0-301F-11D3-BF4B-00C04F79EFBC}") = "Snake", "Snake\Snake.csproj", "{A63B2253-218A-4D86-92BD-1BD11790E82A}"
EndProject
Global
	GlobalSection(SolutionConfigurationPlatforms) = preSolution
		Debug|Any CPU = Debug|Any CPU
		Release|Any CPU = Release|Any CPU
	EndGlobalSection
	GlobalSection(ProjectConfigurationPlatforms) = postSolution
		{A63B2253-218A-4D86-92BD-1BD11790E82A}.Debug|Any CPU.ActiveCfg = Debug|Any CPU
		{A63B2253-218A-4D86-92BD-1BD11790E82A}.Debug|Any CPU.Build.0 = Debug|Any CPU
		{A63B2253-218A-4D86-92BD-1BD11790E82A}.Release|Any CPU.ActiveCfg = Release|Any CPU
		{A63B2253-218A-4D86-92BD-1BD11790E82A}.Release|Any CPU.Build.0 = Release|Any CPU
	EndGlobalSection
	GlobalSection(SolutionProperties) = preSolution
		HideSolutionNode = FALSE
	EndGlobalSection
	GlobalSection(ExtensibilityGlobals) = postSolution
		SolutionGuid = {7C4D03B5-C4E8-413E-8822-4502D9704E3D}
	EndGlobalSection
EndGlobal
